// !$*UTF8*$!
{
	archiveVersion = 1;
	classes = {
	};
	objectVersion = 56;
	objects = {

/* Begin PBXBuildFile section */
		6A6846B329AE5A1E0045FE82 /* Quiz.swift in Sources */ = {isa = PBXBuildFile; fileRef = 6A6846B229AE5A1E0045FE82 /* Quiz.swift */; };
		6AA7D01829AFC286007713D7 /* SquaresView.swift in Sources */ = {isa = PBXBuildFile; fileRef = 6AA7D01729AFC286007713D7 /* SquaresView.swift */; };
		6AA80DDD29B22D5A009D6E81 /* data.swift in Sources */ = {isa = PBXBuildFile; fileRef = 6AA80DDC29B22D5A009D6E81 /* data.swift */; };
		6AA80DE029B22D76009D6E81 /* createSquareCard.swift in Sources */ = {isa = PBXBuildFile; fileRef = 6AA80DDF29B22D76009D6E81 /* createSquareCard.swift */; };
		6AA80DE229B22D85009D6E81 /* joinSquareCard.swift in Sources */ = {isa = PBXBuildFile; fileRef = 6AA80DE129B22D85009D6E81 /* joinSquareCard.swift */; };
		6AA80DE429B22D9F009D6E81 /* subjectSquareCard.swift in Sources */ = {isa = PBXBuildFile; fileRef = 6AA80DE329B22D9F009D6E81 /* subjectSquareCard.swift */; };
		6AABAED329AC9D3700982A2F /* MathX_macOSApp.swift in Sources */ = {isa = PBXBuildFile; fileRef = 6AABAED229AC9D3700982A2F /* MathX_macOSApp.swift */; };
		6AABAED529AC9D3700982A2F /* ContentView.swift in Sources */ = {isa = PBXBuildFile; fileRef = 6AABAED429AC9D3700982A2F /* ContentView.swift */; };
		6AABAED729AC9D3900982A2F /* Assets.xcassets in Resources */ = {isa = PBXBuildFile; fileRef = 6AABAED629AC9D3900982A2F /* Assets.xcassets */; };
		6AABAEDA29AC9D3900982A2F /* Preview Assets.xcassets in Resources */ = {isa = PBXBuildFile; fileRef = 6AABAED929AC9D3900982A2F /* Preview Assets.xcassets */; };
		6ADF520E29AEDE2500C08345 /* Sidebar.swift in Sources */ = {isa = PBXBuildFile; fileRef = 6ADF520D29AEDE2500C08345 /* Sidebar.swift */; };
/* End PBXBuildFile section */

/* Begin PBXFileReference section */
		6A6846B229AE5A1E0045FE82 /* Quiz.swift */ = {isa = PBXFileReference; lastKnownFileType = sourcecode.swift; path = Quiz.swift; sourceTree = "<group>"; };
		6AA7D01729AFC286007713D7 /* SquaresView.swift */ = {isa = PBXFileReference; lastKnownFileType = sourcecode.swift; path = SquaresView.swift; sourceTree = "<group>"; };
		6AA80DDC29B22D5A009D6E81 /* data.swift */ = {isa = PBXFileReference; lastKnownFileType = sourcecode.swift; path = data.swift; sourceTree = "<group>"; };
		6AA80DDF29B22D76009D6E81 /* createSquareCard.swift */ = {isa = PBXFileReference; lastKnownFileType = sourcecode.swift; path = createSquareCard.swift; sourceTree = "<group>"; };
		6AA80DE129B22D85009D6E81 /* joinSquareCard.swift */ = {isa = PBXFileReference; lastKnownFileType = sourcecode.swift; path = joinSquareCard.swift; sourceTree = "<group>"; };
		6AA80DE329B22D9F009D6E81 /* subjectSquareCard.swift */ = {isa = PBXFileReference; lastKnownFileType = sourcecode.swift; path = subjectSquareCard.swift; sourceTree = "<group>"; };
		6AABAECF29AC9D3700982A2F /* MathX-macOS.app */ = {isa = PBXFileReference; explicitFileType = wrapper.application; includeInIndex = 0; path = "MathX-macOS.app"; sourceTree = BUILT_PRODUCTS_DIR; };
		6AABAED229AC9D3700982A2F /* MathX_macOSApp.swift */ = {isa = PBXFileReference; lastKnownFileType = sourcecode.swift; path = MathX_macOSApp.swift; sourceTree = "<group>"; };
		6AABAED429AC9D3700982A2F /* ContentView.swift */ = {isa = PBXFileReference; lastKnownFileType = sourcecode.swift; path = ContentView.swift; sourceTree = "<group>"; };
		6AABAED629AC9D3900982A2F /* Assets.xcassets */ = {isa = PBXFileReference; lastKnownFileType = folder.assetcatalog; path = Assets.xcassets; sourceTree = "<group>"; };
		6AABAED929AC9D3900982A2F /* Preview Assets.xcassets */ = {isa = PBXFileReference; lastKnownFileType = folder.assetcatalog; path = "Preview Assets.xcassets"; sourceTree = "<group>"; };
		6AABAEDB29AC9D3900982A2F /* MathX_macOS.entitlements */ = {isa = PBXFileReference; lastKnownFileType = text.plist.entitlements; path = MathX_macOS.entitlements; sourceTree = "<group>"; };
		6ADF520D29AEDE2500C08345 /* Sidebar.swift */ = {isa = PBXFileReference; lastKnownFileType = sourcecode.swift; path = Sidebar.swift; sourceTree = "<group>"; };
/* End PBXFileReference section */

/* Begin PBXFrameworksBuildPhase section */
		6AABAECC29AC9D3700982A2F /* Frameworks */ = {
			isa = PBXFrameworksBuildPhase;
			buildActionMask = 2147483647;
			files = (
			);
			runOnlyForDeploymentPostprocessing = 0;
		};
/* End PBXFrameworksBuildPhase section */

/* Begin PBXGroup section */
		6AA80DDE29B22D63009D6E81 /* Squares */ = {
			isa = PBXGroup;
			children = (
				6AA7D01729AFC286007713D7 /* SquaresView.swift */,
				6AA80DDF29B22D76009D6E81 /* createSquareCard.swift */,
				6AA80DE129B22D85009D6E81 /* joinSquareCard.swift */,
				6AA80DE329B22D9F009D6E81 /* subjectSquareCard.swift */,
			);
			path = Squares;
			sourceTree = "<group>";
		};
		6AABAEC629AC9D3700982A2F = {
			isa = PBXGroup;
			children = (
				6AABAED129AC9D3700982A2F /* MathX-macOS */,
				6AABAED029AC9D3700982A2F /* Products */,
			);
			sourceTree = "<group>";
		};
		6AABAED029AC9D3700982A2F /* Products */ = {
			isa = PBXGroup;
			children = (
				6AABAECF29AC9D3700982A2F /* MathX-macOS.app */,
			);
			name = Products;
			sourceTree = "<group>";
		};
		6AABAED129AC9D3700982A2F /* MathX-macOS */ = {
			isa = PBXGroup;
			children = (
				6AA80DDC29B22D5A009D6E81 /* data.swift */,
				6AABAED229AC9D3700982A2F /* MathX_macOSApp.swift */,
				6AABAED429AC9D3700982A2F /* ContentView.swift */,
				6AA80DDE29B22D63009D6E81 /* Squares */,
				6ADF520D29AEDE2500C08345 /* Sidebar.swift */,
				6A6846B229AE5A1E0045FE82 /* Quiz.swift */,
				6AABAED629AC9D3900982A2F /* Assets.xcassets */,
				6AABAEDB29AC9D3900982A2F /* MathX_macOS.entitlements */,
				6AABAED829AC9D3900982A2F /* Preview Content */,
			);
			path = "MathX-macOS";
			sourceTree = "<group>";
		};
		6AABAED829AC9D3900982A2F /* Preview Content */ = {
			isa = PBXGroup;
			children = (
				6AABAED929AC9D3900982A2F /* Preview Assets.xcassets */,
			);
			path = "Preview Content";
			sourceTree = "<group>";
		};
/* End PBXGroup section */

/* Begin PBXNativeTarget section */
		6AABAECE29AC9D3700982A2F /* MathX-macOS */ = {
			isa = PBXNativeTarget;
			buildConfigurationList = 6AABAEDE29AC9D3900982A2F /* Build configuration list for PBXNativeTarget "MathX-macOS" */;
			buildPhases = (
				6AABAECB29AC9D3700982A2F /* Sources */,
				6AABAECC29AC9D3700982A2F /* Frameworks */,
				6AABAECD29AC9D3700982A2F /* Resources */,
			);
			buildRules = (
			);
			dependencies = (
			);
			name = "MathX-macOS";
			productName = "MathX-macOS";
			productReference = 6AABAECF29AC9D3700982A2F /* MathX-macOS.app */;
			productType = "com.apple.product-type.application";
		};
/* End PBXNativeTarget section */

/* Begin PBXProject section */
		6AABAEC729AC9D3700982A2F /* Project object */ = {
			isa = PBXProject;
			attributes = {
				BuildIndependentTargetsInParallel = 1;
				LastSwiftUpdateCheck = 1430;
				LastUpgradeCheck = 1430;
				TargetAttributes = {
					6AABAECE29AC9D3700982A2F = {
						CreatedOnToolsVersion = 14.3;
					};
				};
			};
			buildConfigurationList = 6AABAECA29AC9D3700982A2F /* Build configuration list for PBXProject "MathX-macOS" */;
			compatibilityVersion = "Xcode 14.0";
			developmentRegion = en;
			hasScannedForEncodings = 0;
			knownRegions = (
				en,
				Base,
			);
			mainGroup = 6AABAEC629AC9D3700982A2F;
			productRefGroup = 6AABAED029AC9D3700982A2F /* Products */;
			projectDirPath = "";
			projectRoot = "";
			targets = (
				6AABAECE29AC9D3700982A2F /* MathX-macOS */,
			);
		};
/* End PBXProject section */

/* Begin PBXResourcesBuildPhase section */
		6AABAECD29AC9D3700982A2F /* Resources */ = {
			isa = PBXResourcesBuildPhase;
			buildActionMask = 2147483647;
			files = (
				6AABAEDA29AC9D3900982A2F /* Preview Assets.xcassets in Resources */,
				6AABAED729AC9D3900982A2F /* Assets.xcassets in Resources */,
			);
			runOnlyForDeploymentPostprocessing = 0;
		};
/* End PBXResourcesBuildPhase section */

/* Begin PBXSourcesBuildPhase section */
		6AABAECB29AC9D3700982A2F /* Sources */ = {
			isa = PBXSourcesBuildPhase;
			buildActionMask = 2147483647;
			files = (
				6AA80DE429B22D9F009D6E81 /* subjectSquareCard.swift in Sources */,
				6ADF520E29AEDE2500C08345 /* Sidebar.swift in Sources */,
				6AA80DDD29B22D5A009D6E81 /* data.swift in Sources */,
				6AA80DE229B22D85009D6E81 /* joinSquareCard.swift in Sources */,
				6AABAED529AC9D3700982A2F /* ContentView.swift in Sources */,
				6A6846B329AE5A1E0045FE82 /* Quiz.swift in Sources */,
				6AABAED329AC9D3700982A2F /* MathX_macOSApp.swift in Sources */,
				6AA80DE029B22D76009D6E81 /* createSquareCard.swift in Sources */,
				6AA7D01829AFC286007713D7 /* SquaresView.swift in Sources */,
			);
			runOnlyForDeploymentPostprocessing = 0;
		};
/* End PBXSourcesBuildPhase section */

/* Begin XCBuildConfiguration section */
		6AABAEDC29AC9D3900982A2F /* Debug */ = {
			isa = XCBuildConfiguration;
			buildSettings = {
				ALWAYS_SEARCH_USER_PATHS = NO;
				CLANG_ANALYZER_NONNULL = YES;
				CLANG_ANALYZER_NUMBER_OBJECT_CONVERSION = YES_AGGRESSIVE;
				CLANG_CXX_LANGUAGE_STANDARD = "gnu++20";
				CLANG_ENABLE_MODULES = YES;
				CLANG_ENABLE_OBJC_ARC = YES;
				CLANG_ENABLE_OBJC_WEAK = YES;
				CLANG_WARN_BLOCK_CAPTURE_AUTORELEASING = YES;
				CLANG_WARN_BOOL_CONVERSION = YES;
				CLANG_WARN_COMMA = YES;
				CLANG_WARN_CONSTANT_CONVERSION = YES;
				CLANG_WARN_DEPRECATED_OBJC_IMPLEMENTATIONS = YES;
				CLANG_WARN_DIRECT_OBJC_ISA_USAGE = YES_ERROR;
				CLANG_WARN_DOCUMENTATION_COMMENTS = YES;
				CLANG_WARN_EMPTY_BODY = YES;
				CLANG_WARN_ENUM_CONVERSION = YES;
				CLANG_WARN_INFINITE_RECURSION = YES;
				CLANG_WARN_INT_CONVERSION = YES;
				CLANG_WARN_NON_LITERAL_NULL_CONVERSION = YES;
				CLANG_WARN_OBJC_IMPLICIT_RETAIN_SELF = YES;
				CLANG_WARN_OBJC_LITERAL_CONVERSION = YES;
				CLANG_WARN_OBJC_ROOT_CLASS = YES_ERROR;
				CLANG_WARN_QUOTED_INCLUDE_IN_FRAMEWORK_HEADER = YES;
				CLANG_WARN_RANGE_LOOP_ANALYSIS = YES;
				CLANG_WARN_STRICT_PROTOTYPES = YES;
				CLANG_WARN_SUSPICIOUS_MOVE = YES;
				CLANG_WARN_UNGUARDED_AVAILABILITY = YES_AGGRESSIVE;
				CLANG_WARN_UNREACHABLE_CODE = YES;
				CLANG_WARN__DUPLICATE_METHOD_MATCH = YES;
				COPY_PHASE_STRIP = NO;
				DEBUG_INFORMATION_FORMAT = dwarf;
				ENABLE_STRICT_OBJC_MSGSEND = YES;
				ENABLE_TESTABILITY = YES;
				GCC_C_LANGUAGE_STANDARD = gnu11;
				GCC_DYNAMIC_NO_PIC = NO;
				GCC_NO_COMMON_BLOCKS = YES;
				GCC_OPTIMIZATION_LEVEL = 0;
				GCC_PREPROCESSOR_DEFINITIONS = (
					"DEBUG=1",
					"$(inherited)",
				);
				GCC_WARN_64_TO_32_BIT_CONVERSION = YES;
				GCC_WARN_ABOUT_RETURN_TYPE = YES_ERROR;
				GCC_WARN_UNDECLARED_SELECTOR = YES;
				GCC_WARN_UNINITIALIZED_AUTOS = YES_AGGRESSIVE;
				GCC_WARN_UNUSED_FUNCTION = YES;
				GCC_WARN_UNUSED_VARIABLE = YES;
				MACOSX_DEPLOYMENT_TARGET = 13.0;
				MTL_ENABLE_DEBUG_INFO = INCLUDE_SOURCE;
				MTL_FAST_MATH = YES;
				ONLY_ACTIVE_ARCH = YES;
				SDKROOT = macosx;
				SWIFT_ACTIVE_COMPILATION_CONDITIONS = DEBUG;
				SWIFT_OPTIMIZATION_LEVEL = "-Onone";
			};
			name = Debug;
		};
		6AABAEDD29AC9D3900982A2F /* Release */ = {
			isa = XCBuildConfiguration;
			buildSettings = {
				ALWAYS_SEARCH_USER_PATHS = NO;
				CLANG_ANALYZER_NONNULL = YES;
				CLANG_ANALYZER_NUMBER_OBJECT_CONVERSION = YES_AGGRESSIVE;
				CLANG_CXX_LANGUAGE_STANDARD = "gnu++20";
				CLANG_ENABLE_MODULES = YES;
				CLANG_ENABLE_OBJC_ARC = YES;
				CLANG_ENABLE_OBJC_WEAK = YES;
				CLANG_WARN_BLOCK_CAPTURE_AUTORELEASING = YES;
				CLANG_WARN_BOOL_CONVERSION = YES;
				CLANG_WARN_COMMA = YES;
				CLANG_WARN_CONSTANT_CONVERSION = YES;
				CLANG_WARN_DEPRECATED_OBJC_IMPLEMENTATIONS = YES;
				CLANG_WARN_DIRECT_OBJC_ISA_USAGE = YES_ERROR;
				CLANG_WARN_DOCUMENTATION_COMMENTS = YES;
				CLANG_WARN_EMPTY_BODY = YES;
				CLANG_WARN_ENUM_CONVERSION = YES;
				CLANG_WARN_INFINITE_RECURSION = YES;
				CLANG_WARN_INT_CONVERSION = YES;
				CLANG_WARN_NON_LITERAL_NULL_CONVERSION = YES;
				CLANG_WARN_OBJC_IMPLICIT_RETAIN_SELF = YES;
				CLANG_WARN_OBJC_LITERAL_CONVERSION = YES;
				CLANG_WARN_OBJC_ROOT_CLASS = YES_ERROR;
				CLANG_WARN_QUOTED_INCLUDE_IN_FRAMEWORK_HEADER = YES;
				CLANG_WARN_RANGE_LOOP_ANALYSIS = YES;
				CLANG_WARN_STRICT_PROTOTYPES = YES;
				CLANG_WARN_SUSPICIOUS_MOVE = YES;
				CLANG_WARN_UNGUARDED_AVAILABILITY = YES_AGGRESSIVE;
				CLANG_WARN_UNREACHABLE_CODE = YES;
				CLANG_WARN__DUPLICATE_METHOD_MATCH = YES;
				COPY_PHASE_STRIP = NO;
				DEBUG_INFORMATION_FORMAT = "dwarf-with-dsym";
				ENABLE_NS_ASSERTIONS = NO;
				ENABLE_STRICT_OBJC_MSGSEND = YES;
				GCC_C_LANGUAGE_STANDARD = gnu11;
				GCC_NO_COMMON_BLOCKS = YES;
				GCC_WARN_64_TO_32_BIT_CONVERSION = YES;
				GCC_WARN_ABOUT_RETURN_TYPE = YES_ERROR;
				GCC_WARN_UNDECLARED_SELECTOR = YES;
				GCC_WARN_UNINITIALIZED_AUTOS = YES_AGGRESSIVE;
				GCC_WARN_UNUSED_FUNCTION = YES;
				GCC_WARN_UNUSED_VARIABLE = YES;
				MACOSX_DEPLOYMENT_TARGET = 13.0;
				MTL_ENABLE_DEBUG_INFO = NO;
				MTL_FAST_MATH = YES;
				SDKROOT = macosx;
				SWIFT_COMPILATION_MODE = wholemodule;
				SWIFT_OPTIMIZATION_LEVEL = "-O";
			};
			name = Release;
		};
		6AABAEDF29AC9D3900982A2F /* Debug */ = {
			isa = XCBuildConfiguration;
			buildSettings = {
				ASSETCATALOG_COMPILER_APPICON_NAME = AppIcon;
				ASSETCATALOG_COMPILER_GLOBAL_ACCENT_COLOR_NAME = AccentColor;
				CODE_SIGN_ENTITLEMENTS = "MathX-macOS/MathX_macOS.entitlements";
				"CODE_SIGN_IDENTITY[sdk=macosx*]" = "-";
				CODE_SIGN_STYLE = Automatic;
				COMBINE_HIDPI_IMAGES = YES;
				CURRENT_PROJECT_VERSION = 1;
				DEVELOPMENT_ASSET_PATHS = "\"MathX-macOS/Preview Content\"";
				DEVELOPMENT_TEAM = DBBLGF84W3;
				ENABLE_HARDENED_RUNTIME = YES;
				ENABLE_PREVIEWS = YES;
				GENERATE_INFOPLIST_FILE = YES;
				INFOPLIST_KEY_NSHumanReadableCopyright = "";
				LD_RUNPATH_SEARCH_PATHS = (
					"$(inherited)",
					"@executable_path/../Frameworks",
				);
				MARKETING_VERSION = 1.0;
				PRODUCT_BUNDLE_IDENTIFIER = "com.AppCatalyst.MathX-macOS";
				PRODUCT_NAME = "$(TARGET_NAME)";
				SWIFT_EMIT_LOC_STRINGS = YES;
				SWIFT_VERSION = 5.0;
			};
			name = Debug;
		};
		6AABAEE029AC9D3900982A2F /* Release */ = {
			isa = XCBuildConfiguration;
			buildSettings = {
				ASSETCATALOG_COMPILER_APPICON_NAME = AppIcon;
				ASSETCATALOG_COMPILER_GLOBAL_ACCENT_COLOR_NAME = AccentColor;
				CODE_SIGN_ENTITLEMENTS = "MathX-macOS/MathX_macOS.entitlements";
				"CODE_SIGN_IDENTITY[sdk=macosx*]" = "-";
				CODE_SIGN_STYLE = Automatic;
				COMBINE_HIDPI_IMAGES = YES;
				CURRENT_PROJECT_VERSION = 1;
				DEVELOPMENT_ASSET_PATHS = "\"MathX-macOS/Preview Content\"";
				DEVELOPMENT_TEAM = DBBLGF84W3;
				ENABLE_HARDENED_RUNTIME = YES;
				ENABLE_PREVIEWS = YES;
				GENERATE_INFOPLIST_FILE = YES;
				INFOPLIST_KEY_NSHumanReadableCopyright = "";
				LD_RUNPATH_SEARCH_PATHS = (
					"$(inherited)",
					"@executable_path/../Frameworks",
				);
				MARKETING_VERSION = 1.0;
				PRODUCT_BUNDLE_IDENTIFIER = "com.AppCatalyst.MathX-macOS";
				PRODUCT_NAME = "$(TARGET_NAME)";
				SWIFT_EMIT_LOC_STRINGS = YES;
				SWIFT_VERSION = 5.0;
			};
			name = Release;
		};
/* End XCBuildConfiguration section */

/* Begin XCConfigurationList section */
		6AABAECA29AC9D3700982A2F /* Build configuration list for PBXProject "MathX-macOS" */ = {
			isa = XCConfigurationList;
			buildConfigurations = (
				6AABAEDC29AC9D3900982A2F /* Debug */,
				6AABAEDD29AC9D3900982A2F /* Release */,
			);
			defaultConfigurationIsVisible = 0;
			defaultConfigurationName = Release;
		};
		6AABAEDE29AC9D3900982A2F /* Build configuration list for PBXNativeTarget "MathX-macOS" */ = {
			isa = XCConfigurationList;
			buildConfigurations = (
				6AABAEDF29AC9D3900982A2F /* Debug */,
				6AABAEE029AC9D3900982A2F /* Release */,
			);
			defaultConfigurationIsVisible = 0;
			defaultConfigurationName = Release;
		};
/* End XCConfigurationList section */
	};
	rootObject = 6AABAEC729AC9D3700982A2F /* Project object */;
}
